// !$*UTF8*$!
{
	archiveVersion = 1;
	classes = {
	};
	objectVersion = 46;
	objects = {

/* Begin PBXBuildFile section */
		C5B9056C1CEA48C0002943BF /* AppDelegate.m in Sources */ = {isa = PBXBuildFile; fileRef = C5B9056B1CEA48C0002943BF /* AppDelegate.m */; };
		C5B9056F1CEA48C0002943BF /* main.m in Sources */ = {isa = PBXBuildFile; fileRef = C5B9056E1CEA48C0002943BF /* main.m */; };
		C5B905711CEA48C0002943BF /* Assets.xcassets in Resources */ = {isa = PBXBuildFile; fileRef = C5B905701CEA48C0002943BF /* Assets.xcassets */; };
		C5B905741CEA48C0002943BF /* MainMenu.xib in Resources */ = {isa = PBXBuildFile; fileRef = C5B905721CEA48C0002943BF /* MainMenu.xib */; };
		C5B9058E1CEA4A65002943BF /* PopoverContentViewController.m in Sources */ = {isa = PBXBuildFile; fileRef = C5B9058C1CEA4A65002943BF /* PopoverContentViewController.m */; };
		C5B9058F1CEA4A65002943BF /* PopoverContentViewController.xib in Resources */ = {isa = PBXBuildFile; fileRef = C5B9058D1CEA4A65002943BF /* PopoverContentViewController.xib */; };
		C5B905911CEA4C3E002943BF /* example.png in Resources */ = {isa = PBXBuildFile; fileRef = C5B905901CEA4C3E002943BF /* example.png */; };
/* End PBXBuildFile section */

/* Begin PBXFileReference section */
		C5B905671CEA48C0002943BF /* popover-mask-resize.app */ = {isa = PBXFileReference; explicitFileType = wrapper.application; includeInIndex = 0; path = "popover-mask-resize.app"; sourceTree = BUILT_PRODUCTS_DIR; };
		C5B9056A1CEA48C0002943BF /* AppDelegate.h */ = {isa = PBXFileReference; lastKnownFileType = sourcecode.c.h; path = AppDelegate.h; sourceTree = "<group>"; };
		C5B9056B1CEA48C0002943BF /* AppDelegate.m */ = {isa = PBXFileReference; lastKnownFileType = sourcecode.c.objc; path = AppDelegate.m; sourceTree = "<group>"; };
		C5B9056E1CEA48C0002943BF /* main.m */ = {isa = PBXFileReference; lastKnownFileType = sourcecode.c.objc; path = main.m; sourceTree = "<group>"; };
		C5B905701CEA48C0002943BF /* Assets.xcassets */ = {isa = PBXFileReference; lastKnownFileType = folder.assetcatalog; path = Assets.xcassets; sourceTree = "<group>"; };
		C5B905731CEA48C0002943BF /* Base */ = {isa = PBXFileReference; lastKnownFileType = file.xib; name = Base; path = Base.lproj/MainMenu.xib; sourceTree = "<group>"; };
		C5B905751CEA48C0002943BF /* Info.plist */ = {isa = PBXFileReference; lastKnownFileType = text.plist.xml; path = Info.plist; sourceTree = "<group>"; };
		C5B9058B1CEA4A65002943BF /* PopoverContentViewController.h */ = {isa = PBXFileReference; fileEncoding = 4; lastKnownFileType = sourcecode.c.h; path = PopoverContentViewController.h; sourceTree = "<group>"; };
		C5B9058C1CEA4A65002943BF /* PopoverContentViewController.m */ = {isa = PBXFileReference; fileEncoding = 4; lastKnownFileType = sourcecode.c.objc; path = PopoverContentViewController.m; sourceTree = "<group>"; };
		C5B9058D1CEA4A65002943BF /* PopoverContentViewController.xib */ = {isa = PBXFileReference; fileEncoding = 4; lastKnownFileType = file.xib; path = PopoverContentViewController.xib; sourceTree = "<group>"; };
		C5B905901CEA4C3E002943BF /* example.png */ = {isa = PBXFileReference; lastKnownFileType = image.png; path = example.png; sourceTree = "<group>"; };
/* End PBXFileReference section */

/* Begin PBXFrameworksBuildPhase section */
		C5B905641CEA48C0002943BF /* Frameworks */ = {
			isa = PBXFrameworksBuildPhase;
			buildActionMask = 2147483647;
			files = (
			);
			runOnlyForDeploymentPostprocessing = 0;
		};
/* End PBXFrameworksBuildPhase section */

/* Begin PBXGroup section */
		C5B9055E1CEA48C0002943BF = {
			isa = PBXGroup;
			children = (
				C5B905691CEA48C0002943BF /* popover-mask-resize */,
				C5B905681CEA48C0002943BF /* Products */,
			);
			sourceTree = "<group>";
		};
		C5B905681CEA48C0002943BF /* Products */ = {
			isa = PBXGroup;
			children = (
				C5B905671CEA48C0002943BF /* popover-mask-resize.app */,
			);
			name = Products;
			sourceTree = "<group>";
		};
		C5B905691CEA48C0002943BF /* popover-mask-resize */ = {
			isa = PBXGroup;
			children = (
				C5B905901CEA4C3E002943BF /* example.png */,
				C5B9056A1CEA48C0002943BF /* AppDelegate.h */,
				C5B9056B1CEA48C0002943BF /* AppDelegate.m */,
				C5B905701CEA48C0002943BF /* Assets.xcassets */,
				C5B905721CEA48C0002943BF /* MainMenu.xib */,
				C5B905751CEA48C0002943BF /* Info.plist */,
				C5B9056D1CEA48C0002943BF /* Supporting Files */,
				C5B9058B1CEA4A65002943BF /* PopoverContentViewController.h */,
				C5B9058C1CEA4A65002943BF /* PopoverContentViewController.m */,
				C5B9058D1CEA4A65002943BF /* PopoverContentViewController.xib */,
			);
			path = "popover-mask-resize";
			sourceTree = "<group>";
		};
		C5B9056D1CEA48C0002943BF /* Supporting Files */ = {
			isa = PBXGroup;
			children = (
				C5B9056E1CEA48C0002943BF /* main.m */,
			);
			name = "Supporting Files";
			sourceTree = "<group>";
		};
/* End PBXGroup section */

/* Begin PBXNativeTarget section */
		C5B905661CEA48C0002943BF /* popover-mask-resize */ = {
			isa = PBXNativeTarget;
			buildConfigurationList = C5B905781CEA48C0002943BF /* Build configuration list for PBXNativeTarget "popover-mask-resize" */;
			buildPhases = (
				C5B905631CEA48C0002943BF /* Sources */,
				C5B905641CEA48C0002943BF /* Frameworks */,
				C5B905651CEA48C0002943BF /* Resources */,
			);
			buildRules = (
			);
			dependencies = (
			);
			name = "popover-mask-resize";
			productName = "popover-mask-resize";
			productReference = C5B905671CEA48C0002943BF /* popover-mask-resize.app */;
			productType = "com.apple.product-type.application";
		};
/* End PBXNativeTarget section */

/* Begin PBXProject section */
		C5B9055F1CEA48C0002943BF /* Project object */ = {
			isa = PBXProject;
			attributes = {
				LastUpgradeCheck = 0730;
				ORGANIZATIONNAME = "Milestone Made";
				TargetAttributes = {
					C5B905661CEA48C0002943BF = {
						CreatedOnToolsVersion = 7.3.1;
					};
				};
			};
			buildConfigurationList = C5B905621CEA48C0002943BF /* Build configuration list for PBXProject "popover-mask-resize" */;
			compatibilityVersion = "Xcode 3.2";
			developmentRegion = English;
			hasScannedForEncodings = 0;
			knownRegions = (
				en,
				Base,
			);
			mainGroup = C5B9055E1CEA48C0002943BF;
			productRefGroup = C5B905681CEA48C0002943BF /* Products */;
			projectDirPath = "";
			projectRoot = "";
			targets = (
				C5B905661CEA48C0002943BF /* popover-mask-resize */,
			);
		};
/* End PBXProject section */

/* Begin PBXResourcesBuildPhase section */
		C5B905651CEA48C0002943BF /* Resources */ = {
			isa = PBXResourcesBuildPhase;
			buildActionMask = 2147483647;
			files = (
				C5B9058F1CEA4A65002943BF /* PopoverContentViewController.xib in Resources */,
				C5B905711CEA48C0002943BF /* Assets.xcassets in Resources */,
				C5B905741CEA48C0002943BF /* MainMenu.xib in Resources */,
				C5B905911CEA4C3E002943BF /* example.png in Resources */,
			);
			runOnlyForDeploymentPostprocessing = 0;
		};
/* End PBXResourcesBuildPhase section */

/* Begin PBXSourcesBuildPhase section */
		C5B905631CEA48C0002943BF /* Sources */ = {
			isa = PBXSourcesBuildPhase;
			buildActionMask = 2147483647;
			files = (
				C5B9056F1CEA48C0002943BF /* main.m in Sources */,
				C5B9056C1CEA48C0002943BF /* AppDelegate.m in Sources */,
				C5B9058E1CEA4A65002943BF /* PopoverContentViewController.m in Sources */,
			);
			runOnlyForDeploymentPostprocessing = 0;
		};
/* End PBXSourcesBuildPhase section */

/* Begin PBXVariantGroup section */
		C5B905721CEA48C0002943BF /* MainMenu.xib */ = {
			isa = PBXVariantGroup;
			children = (
				C5B905731CEA48C0002943BF /* Base */,
			);
			name = MainMenu.xib;
			sourceTree = "<group>";
		};
/* End PBXVariantGroup section */

/* Begin XCBuildConfiguration section */
		C5B905761CEA48C0002943BF /* Debug */ = {
			isa = XCBuildConfiguration;
			buildSettings = {
				ALWAYS_SEARCH_USER_PATHS = NO;
				CLANG_ANALYZER_NONNULL = YES;
				CLANG_CXX_LANGUAGE_STANDARD = "gnu++0x";
				CLANG_CXX_LIBRARY = "libc++";
				CLANG_ENABLE_MODULES = YES;
				CLANG_ENABLE_OBJC_ARC = YES;
				CLANG_WARN_BOOL_CONVERSION = YES;
				CLANG_WARN_CONSTANT_CONVERSION = YES;
				CLANG_WARN_DIRECT_OBJC_ISA_USAGE = YES_ERROR;
				CLANG_WARN_EMPTY_BODY = YES;
				CLANG_WARN_ENUM_CONVERSION = YES;
				CLANG_WARN_INT_CONVERSION = YES;
				CLANG_WARN_OBJC_ROOT_CLASS = YES_ERROR;
				CLANG_WARN_UNREACHABLE_CODE = YES;
				CLANG_WARN__DUPLICATE_METHOD_MATCH = YES;
				CODE_SIGN_IDENTITY = "-";
				COPY_PHASE_STRIP = NO;
				DEBUG_INFORMATION_FORMAT = dwarf;
				ENABLE_STRICT_OBJC_MSGSEND = YES;
				ENABLE_TESTABILITY = YES;
				GCC_C_LANGUAGE_STANDARD = gnu99;
				GCC_DYNAMIC_NO_PIC = NO;
				GCC_NO_COMMON_BLOCKS = YES;
				GCC_OPTIMIZATION_LEVEL = 0;
				GCC_PREPROCESSOR_DEFINITIONS = (
					"DEBUG=1",
					"$(inherited)",
				);
				GCC_WARN_64_TO_32_BIT_CONVERSION = YES;
				GCC_WARN_ABOUT_RETURN_TYPE = YES_ERROR;
				GCC_WARN_UNDECLARED_SELECTOR = YES;
				GCC_WARN_UNINITIALIZED_AUTOS = YES_AGGRESSIVE;
				GCC_WARN_UNUSED_FUNCTION = YES;
				GCC_WARN_UNUSED_VARIABLE = YES;
				MACOSX_DEPLOYMENT_TARGET = 10.11;
				MTL_ENABLE_DEBUG_INFO = YES;
				ONLY_ACTIVE_ARCH = YES;
				SDKROOT = macosx;
			};
			name = Debug;
		};
		C5B905771CEA48C0002943BF /* Release */ = {
			isa = XCBuildConfiguration;
			buildSettings = {
				ALWAYS_SEARCH_USER_PATHS = NO;
				CLANG_ANALYZER_NONNULL = YES;
				CLANG_CXX_LANGUAGE_STANDARD = "gnu++0x";
				CLANG_CXX_LIBRARY = "libc++";
				CLANG_ENABLE_MODULES = YES;
				CLANG_ENABLE_OBJC_ARC = YES;
				CLANG_WARN_BOOL_CONVERSION = YES;
				CLANG_WARN_CONSTANT_CONVERSION = YES;
				CLANG_WARN_DIRECT_OBJC_ISA_USAGE = YES_ERROR;
				CLANG_WARN_EMPTY_BODY = YES;
				CLANG_WARN_ENUM_CONVERSION = YES;
				CLANG_WARN_INT_CONVERSION = YES;
				CLANG_WARN_OBJC_ROOT_CLASS = YES_ERROR;
				CLANG_WARN_UNREACHABLE_CODE = YES;
				CLANG_WARN__DUPLICATE_METHOD_MATCH = YES;
				CODE_SIGN_IDENTITY = "-";
				COPY_PHASE_STRIP = NO;
				DEBUG_INFORMATION_FORMAT = "dwarf-with-dsym";
				ENABLE_NS_ASSERTIONS = NO;
				ENABLE_STRICT_OBJC_MSGSEND = YES;
				GCC_C_LANGUAGE_STANDARD = gnu99;
				GCC_NO_COMMON_BLOCKS = YES;
				GCC_WARN_64_TO_32_BIT_CONVERSION = YES;
				GCC_WARN_ABOUT_RETURN_TYPE = YES_ERROR;
				GCC_WARN_UNDECLARED_SELECTOR = YES;
				GCC_WARN_UNINITIALIZED_AUTOS = YES_AGGRESSIVE;
				GCC_WARN_UNUSED_FUNCTION = YES;
				GCC_WARN_UNUSED_VARIABLE = YES;
				MACOSX_DEPLOYMENT_TARGET = 10.11;
				MTL_ENABLE_DEBUG_INFO = NO;
				SDKROOT = macosx;
			};
			name = Release;
		};
		C5B905791CEA48C0002943BF /* Debug */ = {
			isa = XCBuildConfiguration;
			buildSettings = {
				ASSETCATALOG_COMPILER_APPICON_NAME = AppIcon;
				COMBINE_HIDPI_IMAGES = YES;
				INFOPLIST_FILE = "popover-mask-resize/Info.plist";
				LD_RUNPATH_SEARCH_PATHS = "$(inherited) @executable_path/../Frameworks";
				PRODUCT_BUNDLE_IDENTIFIER = "com.milestonemade.popover-mask-resize";
				PRODUCT_NAME = "$(TARGET_NAME)";
			};
			name = Debug;
		};
		C5B9057A1CEA48C0002943BF /* Release */ = {
			isa = XCBuildConfiguration;
			buildSettings = {
				ASSETCATALOG_COMPILER_APPICON_NAME = AppIcon;
				COMBINE_HIDPI_IMAGES = YES;
				INFOPLIST_FILE = "popover-mask-resize/Info.plist";
				LD_RUNPATH_SEARCH_PATHS = "$(inherited) @executable_path/../Frameworks";
				PRODUCT_BUNDLE_IDENTIFIER = "com.milestonemade.popover-mask-resize";
				PRODUCT_NAME = "$(TARGET_NAME)";
			};
			name = Release;
		};
/* End XCBuildConfiguration section */

/* Begin XCConfigurationList section */
		C5B905621CEA48C0002943BF /* Build configuration list for PBXProject "popover-mask-resize" */ = {
			isa = XCConfigurationList;
			buildConfigurations = (
				C5B905761CEA48C0002943BF /* Debug */,
				C5B905771CEA48C0002943BF /* Release */,
			);
			defaultConfigurationIsVisible = 0;
			defaultConfigurationName = Release;
		};
		C5B905781CEA48C0002943BF /* Build configuration list for PBXNativeTarget "popover-mask-resize" */ = {
			isa = XCConfigurationList;
			buildConfigurations = (
				C5B905791CEA48C0002943BF /* Debug */,
				C5B9057A1CEA48C0002943BF /* Release */,
			);
			defaultConfigurationIsVisible = 0;
		};
/* End XCConfigurationList section */
	};
	rootObject = C5B9055F1CEA48C0002943BF /* Project object */;
}
